
Microsoft Visual Studio Solution File, Format Version 12.00
# Visual Studio Version 16
VisualStudioVersion = 16.0.30804.86
MinimumVisualStudioVersion = 10.0.40219.1
Project("{FAE04EC0-301F-11D3-BF4B-00C04F79EFBC}") = "TwitchClipper", "TwitchClipper.csproj", "{1FF663F9-0130-4CCB-86D4-5D3AC0CFC06D}"
EndProject
Global
	GlobalSection(SolutionConfigurationPlatforms) = preSolution
		Debug|Any CPU = Debug|Any CPU
		Release|Any CPU = Release|Any CPU
	EndGlobalSection
	GlobalSection(ProjectConfigurationPlatforms) = postSolution
		{1FF663F9-0130-4CCB-86D4-5D3AC0CFC06D}.Debug|Any CPU.ActiveCfg = Debug|Any CPU
		{1FF663F9-0130-4CCB-86D4-5D3AC0CFC06D}.Debug|Any CPU.Build.0 = Debug|Any CPU
		{1FF663F9-0130-4CCB-86D4-5D3AC0CFC06D}.Release|Any CPU.ActiveCfg = Release|Any CPU
		{1FF663F9-0130-4CCB-86D4-5D3AC0CFC06D}.Release|Any CPU.Build.0 = Release|Any CPU
	EndGlobalSection
	GlobalSection(SolutionProperties) = preSolution
		HideSolutionNode = FALSE
	EndGlobalSection
	GlobalSection(ExtensibilityGlobals) = postSolution
		SolutionGuid = {81522E82-9317-45F9-9A14-900F238C6684}
	EndGlobalSection
EndGlobal
